// !$*UTF8*$!
{
	archiveVersion = 1;
	classes = {
	};
	objectVersion = 55;
	objects = {

/* Begin PBXBuildFile section */
		1200397A2805C6F500614275 /* ExamineListCell.swift in Sources */ = {isa = PBXBuildFile; fileRef = 120039792805C6F500614275 /* ExamineListCell.swift */; };
		1200397D2806895300614275 /* CommonCell.swift in Sources */ = {isa = PBXBuildFile; fileRef = 1200397C2806895300614275 /* CommonCell.swift */; };
		1200398228068E8000614275 /* MineVC.swift in Sources */ = {isa = PBXBuildFile; fileRef = 1200398128068E8000614275 /* MineVC.swift */; };
		1221690D28007B7C00CD14E9 /* AppDelegate.swift in Sources */ = {isa = PBXBuildFile; fileRef = 1221690C28007B7C00CD14E9 /* AppDelegate.swift */; };
		1221690F28007B7C00CD14E9 /* SceneDelegate.swift in Sources */ = {isa = PBXBuildFile; fileRef = 1221690E28007B7C00CD14E9 /* SceneDelegate.swift */; };
		1221691128007B7C00CD14E9 /* ProductListVC.swift in Sources */ = {isa = PBXBuildFile; fileRef = 1221691028007B7C00CD14E9 /* ProductListVC.swift */; };
		1221692328007D0600CD14E9 /* Product.swift in Sources */ = {isa = PBXBuildFile; fileRef = 1221692228007D0600CD14E9 /* Product.swift */; };
		1221692528007E9100CD14E9 /* RatingView.swift in Sources */ = {isa = PBXBuildFile; fileRef = 1221692428007E9100CD14E9 /* RatingView.swift */; };
		122169292802CC2000CD14E9 /* ProductListCell.swift in Sources */ = {isa = PBXBuildFile; fileRef = 122169282802CC2000CD14E9 /* ProductListCell.swift */; };
		1221692B2803EF2A00CD14E9 /* ConductCell.swift in Sources */ = {isa = PBXBuildFile; fileRef = 1221692A2803EF2A00CD14E9 /* ConductCell.swift */; };
		1221692D2803F00000CD14E9 /* ConductVC.swift in Sources */ = {isa = PBXBuildFile; fileRef = 1221692C2803F00000CD14E9 /* ConductVC.swift */; };
		1221693128043C7F00CD14E9 /* AdministratorTBC.swift in Sources */ = {isa = PBXBuildFile; fileRef = 1221693028043C7F00CD14E9 /* AdministratorTBC.swift */; };
		122169382804487300CD14E9 /* ExamineVC.swift in Sources */ = {isa = PBXBuildFile; fileRef = 122169372804487300CD14E9 /* ExamineVC.swift */; };
		123B1CB028072F4600EB894B /* LoginVC.swift in Sources */ = {isa = PBXBuildFile; fileRef = 123B1CAF28072F4600EB894B /* LoginVC.swift */; };
		123B1CB328072F9C00EB894B /* UIColorExtension.swift in Sources */ = {isa = PBXBuildFile; fileRef = 123B1CB228072F9B00EB894B /* UIColorExtension.swift */; };
		124056632806C9D00046931B /* BannerView.swift in Sources */ = {isa = PBXBuildFile; fileRef = 124056622806C9D00046931B /* BannerView.swift */; };
		124316B32823DC1600DBB48C /* MemorandumVC.swift in Sources */ = {isa = PBXBuildFile; fileRef = 124316B22823DC1600DBB48C /* MemorandumVC.swift */; };
		124316B52823FBD300DBB48C /* AddItemVC.swift in Sources */ = {isa = PBXBuildFile; fileRef = 124316B42823FBD300DBB48C /* AddItemVC.swift */; };
		124316B72823FF7800DBB48C /* AddItemCell.swift in Sources */ = {isa = PBXBuildFile; fileRef = 124316B62823FF7800DBB48C /* AddItemCell.swift */; };
		127B8DB428045FB800A4FBEE /* NetworkAPI.swift in Sources */ = {isa = PBXBuildFile; fileRef = 127B8DB328045FB800A4FBEE /* NetworkAPI.swift */; };
		12834E32281A66B500EC5BC2 /* RegisterVC.swift in Sources */ = {isa = PBXBuildFile; fileRef = 12834E31281A66B500EC5BC2 /* RegisterVC.swift */; };
		12834E34281ACF5200EC5BC2 /* ProductDetailVC.swift in Sources */ = {isa = PBXBuildFile; fileRef = 12834E33281ACF5200EC5BC2 /* ProductDetailVC.swift */; };
		12834E3C281D91A300EC5BC2 /* CommentListCell.swift in Sources */ = {isa = PBXBuildFile; fileRef = 12834E3B281D91A300EC5BC2 /* CommentListCell.swift */; };
		12834E3E281D96E200EC5BC2 /* ProductView.swift in Sources */ = {isa = PBXBuildFile; fileRef = 12834E3D281D96E200EC5BC2 /* ProductView.swift */; };
		12834E40281D97FF00EC5BC2 /* CycleView.swift in Sources */ = {isa = PBXBuildFile; fileRef = 12834E3F281D97FF00EC5BC2 /* CycleView.swift */; };
		12AA5A332825367C0034F713 /* UserTBC.swift in Sources */ = {isa = PBXBuildFile; fileRef = 12AA5A322825367C0034F713 /* UserTBC.swift */; };
		12AA5A36282537B60034F713 /* UploadProductVC.swift in Sources */ = {isa = PBXBuildFile; fileRef = 12AA5A35282537B60034F713 /* UploadProductVC.swift */; };
		12AA5A3D28253B930034F713 /* OrderVC.swift in Sources */ = {isa = PBXBuildFile; fileRef = 12AA5A3C28253B930034F713 /* OrderVC.swift */; };
		12B92CA22825524B00B5D51E /* ViewController.swift in Sources */ = {isa = PBXBuildFile; fileRef = 12B92CA12825524B00B5D51E /* ViewController.swift */; };
		12B92CAB2825542B00B5D51E /* Model.xcdatamodeld in Sources */ = {isa = PBXBuildFile; fileRef = 12B92CA92825542B00B5D51E /* Model.xcdatamodeld */; };
		12CAEAAD2825839D00595DCE /* Assets.xcassets in Resources */ = {isa = PBXBuildFile; fileRef = 12CAEAAC2825839D00595DCE /* Assets.xcassets */; };
		AA09A348BC5225ADD14C587E /* Pods_san_zhuang_quan_zhan.framework in Frameworks */ = {isa = PBXBuildFile; fileRef = 40AB532B23FECC9086EE4B5E /* Pods_san_zhuang_quan_zhan.framework */; };
		C66FAC5E2809BA6D00608531 /* VerifyView.swift in Sources */ = {isa = PBXBuildFile; fileRef = C66FAC5D2809BA6D00608531 /* VerifyView.swift */; };
/* End PBXBuildFile section */

/* Begin PBXFileReference section */
		120039792805C6F500614275 /* ExamineListCell.swift */ = {isa = PBXFileReference; lastKnownFileType = sourcecode.swift; path = ExamineListCell.swift; sourceTree = "<group>"; };
		1200397C2806895300614275 /* CommonCell.swift */ = {isa = PBXFileReference; lastKnownFileType = sourcecode.swift; path = CommonCell.swift; sourceTree = "<group>"; };
		1200398128068E8000614275 /* MineVC.swift */ = {isa = PBXFileReference; lastKnownFileType = sourcecode.swift; path = MineVC.swift; sourceTree = "<group>"; };
		1221690928007B7C00CD14E9 /* san_zhuang_quan_zhan.app */ = {isa = PBXFileReference; explicitFileType = wrapper.application; includeInIndex = 0; path = san_zhuang_quan_zhan.app; sourceTree = BUILT_PRODUCTS_DIR; };
		1221690C28007B7C00CD14E9 /* AppDelegate.swift */ = {isa = PBXFileReference; lastKnownFileType = sourcecode.swift; path = AppDelegate.swift; sourceTree = "<group>"; };
		1221690E28007B7C00CD14E9 /* SceneDelegate.swift */ = {isa = PBXFileReference; lastKnownFileType = sourcecode.swift; path = SceneDelegate.swift; sourceTree = "<group>"; };
		1221691028007B7C00CD14E9 /* ProductListVC.swift */ = {isa = PBXFileReference; lastKnownFileType = sourcecode.swift; path = ProductListVC.swift; sourceTree = "<group>"; };
		1221691528007B7E00CD14E9 /* Assets.xcassets */ = {isa = PBXFileReference; lastKnownFileType = folder.assetcatalog; path = Assets.xcassets; sourceTree = "<group>"; };
		1221691828007B7E00CD14E9 /* Base */ = {isa = PBXFileReference; lastKnownFileType = file.storyboard; name = Base; path = Base.lproj/LaunchScreen.storyboard; sourceTree = "<group>"; };
		1221692228007D0600CD14E9 /* Product.swift */ = {isa = PBXFileReference; fileEncoding = 4; lastKnownFileType = sourcecode.swift; path = Product.swift; sourceTree = "<group>"; };
		1221692428007E9100CD14E9 /* RatingView.swift */ = {isa = PBXFileReference; fileEncoding = 4; lastKnownFileType = sourcecode.swift; path = RatingView.swift; sourceTree = "<group>"; };
		122169282802CC2000CD14E9 /* ProductListCell.swift */ = {isa = PBXFileReference; lastKnownFileType = sourcecode.swift; path = ProductListCell.swift; sourceTree = "<group>"; };
		1221692A2803EF2A00CD14E9 /* ConductCell.swift */ = {isa = PBXFileReference; lastKnownFileType = sourcecode.swift; path = ConductCell.swift; sourceTree = "<group>"; };
		1221692C2803F00000CD14E9 /* ConductVC.swift */ = {isa = PBXFileReference; lastKnownFileType = sourcecode.swift; path = ConductVC.swift; sourceTree = "<group>"; };
		1221693028043C7F00CD14E9 /* AdministratorTBC.swift */ = {isa = PBXFileReference; lastKnownFileType = sourcecode.swift; path = AdministratorTBC.swift; sourceTree = "<group>"; };
		122169372804487300CD14E9 /* ExamineVC.swift */ = {isa = PBXFileReference; lastKnownFileType = sourcecode.swift; path = ExamineVC.swift; sourceTree = "<group>"; };
		123B1CAF28072F4600EB894B /* LoginVC.swift */ = {isa = PBXFileReference; fileEncoding = 4; lastKnownFileType = sourcecode.swift; path = LoginVC.swift; sourceTree = "<group>"; };
		123B1CB228072F9B00EB894B /* UIColorExtension.swift */ = {isa = PBXFileReference; fileEncoding = 4; lastKnownFileType = sourcecode.swift; path = UIColorExtension.swift; sourceTree = "<group>"; };
		124056622806C9D00046931B /* BannerView.swift */ = {isa = PBXFileReference; lastKnownFileType = sourcecode.swift; path = BannerView.swift; sourceTree = "<group>"; };
		124316B22823DC1600DBB48C /* MemorandumVC.swift */ = {isa = PBXFileReference; lastKnownFileType = sourcecode.swift; path = MemorandumVC.swift; sourceTree = "<group>"; };
		124316B42823FBD300DBB48C /* AddItemVC.swift */ = {isa = PBXFileReference; lastKnownFileType = sourcecode.swift; path = AddItemVC.swift; sourceTree = "<group>"; };
		124316B62823FF7800DBB48C /* AddItemCell.swift */ = {isa = PBXFileReference; lastKnownFileType = sourcecode.swift; path = AddItemCell.swift; sourceTree = "<group>"; };
		127B8DB328045FB800A4FBEE /* NetworkAPI.swift */ = {isa = PBXFileReference; lastKnownFileType = sourcecode.swift; path = NetworkAPI.swift; sourceTree = "<group>"; };
		12834E31281A66B500EC5BC2 /* RegisterVC.swift */ = {isa = PBXFileReference; lastKnownFileType = sourcecode.swift; path = RegisterVC.swift; sourceTree = "<group>"; };
		12834E33281ACF5200EC5BC2 /* ProductDetailVC.swift */ = {isa = PBXFileReference; lastKnownFileType = sourcecode.swift; path = ProductDetailVC.swift; sourceTree = "<group>"; };
		12834E3B281D91A300EC5BC2 /* CommentListCell.swift */ = {isa = PBXFileReference; lastKnownFileType = sourcecode.swift; path = CommentListCell.swift; sourceTree = "<group>"; };
		12834E3D281D96E200EC5BC2 /* ProductView.swift */ = {isa = PBXFileReference; lastKnownFileType = sourcecode.swift; path = ProductView.swift; sourceTree = "<group>"; };
		12834E3F281D97FF00EC5BC2 /* CycleView.swift */ = {isa = PBXFileReference; lastKnownFileType = sourcecode.swift; path = CycleView.swift; sourceTree = "<group>"; };
		12AA5A322825367C0034F713 /* UserTBC.swift */ = {isa = PBXFileReference; lastKnownFileType = sourcecode.swift; path = UserTBC.swift; sourceTree = "<group>"; };
		12AA5A35282537B60034F713 /* UploadProductVC.swift */ = {isa = PBXFileReference; lastKnownFileType = sourcecode.swift; path = UploadProductVC.swift; sourceTree = "<group>"; };
		12AA5A3C28253B930034F713 /* OrderVC.swift */ = {isa = PBXFileReference; lastKnownFileType = sourcecode.swift; path = OrderVC.swift; sourceTree = "<group>"; };
		12B92CA12825524B00B5D51E /* ViewController.swift */ = {isa = PBXFileReference; fileEncoding = 4; lastKnownFileType = sourcecode.swift; path = ViewController.swift; sourceTree = "<group>"; };
		12B92CAA2825542B00B5D51E /* Model.xcdatamodel */ = {isa = PBXFileReference; lastKnownFileType = wrapper.xcdatamodel; path = Model.xcdatamodel; sourceTree = "<group>"; };
		12CAEAAC2825839D00595DCE /* Assets.xcassets */ = {isa = PBXFileReference; lastKnownFileType = folder.assetcatalog; name = Assets.xcassets; path = "../../../Downloads/san_zhuang_quan_zhan-master-3/san_zhuang_quan_zhan/Assets.xcassets"; sourceTree = "<group>"; };
		12E45B6C28256E56000A0331 /* Info.plist */ = {isa = PBXFileReference; fileEncoding = 4; lastKnownFileType = text.plist.xml; path = Info.plist; sourceTree = "<group>"; };
		40AB532B23FECC9086EE4B5E /* Pods_san_zhuang_quan_zhan.framework */ = {isa = PBXFileReference; explicitFileType = wrapper.framework; includeInIndex = 0; path = Pods_san_zhuang_quan_zhan.framework; sourceTree = BUILT_PRODUCTS_DIR; };
		4F000749F4CBFF2229DBAB11 /* Pods-san_zhuang_quan_zhan.release.xcconfig */ = {isa = PBXFileReference; includeInIndex = 1; lastKnownFileType = text.xcconfig; name = "Pods-san_zhuang_quan_zhan.release.xcconfig"; path = "Target Support Files/Pods-san_zhuang_quan_zhan/Pods-san_zhuang_quan_zhan.release.xcconfig"; sourceTree = "<group>"; };
		C66FAC5D2809BA6D00608531 /* VerifyView.swift */ = {isa = PBXFileReference; fileEncoding = 4; lastKnownFileType = sourcecode.swift; path = VerifyView.swift; sourceTree = "<group>"; };
		FB669F141AB339700A4F967F /* Pods-san_zhuang_quan_zhan.debug.xcconfig */ = {isa = PBXFileReference; includeInIndex = 1; lastKnownFileType = text.xcconfig; name = "Pods-san_zhuang_quan_zhan.debug.xcconfig"; path = "Target Support Files/Pods-san_zhuang_quan_zhan/Pods-san_zhuang_quan_zhan.debug.xcconfig"; sourceTree = "<group>"; };
/* End PBXFileReference section */

/* Begin PBXFrameworksBuildPhase section */
		1221690628007B7C00CD14E9 /* Frameworks */ = {
			isa = PBXFrameworksBuildPhase;
			buildActionMask = 2147483647;
			files = (
				AA09A348BC5225ADD14C587E /* Pods_san_zhuang_quan_zhan.framework in Frameworks */,
			);
			runOnlyForDeploymentPostprocessing = 0;
		};
/* End PBXFrameworksBuildPhase section */

/* Begin PBXGroup section */
		1200397B2806892600614275 /* component */ = {
			isa = PBXGroup;
			children = (
				1200397C2806895300614275 /* CommonCell.swift */,
				12834E3B281D91A300EC5BC2 /* CommentListCell.swift */,
			);
			path = component;
			sourceTree = "<group>";
		};
		1221690028007B7C00CD14E9 = {
			isa = PBXGroup;
			children = (
				1221690B28007B7C00CD14E9 /* san_zhuang_quan_zhan */,
				1221690A28007B7C00CD14E9 /* Products */,
				A2CAD71F7259DAB7EEBB607E /* Pods */,
				FBAB92BBBF24427DBFB8BDCC /* Frameworks */,
			);
			sourceTree = "<group>";
		};
		1221690A28007B7C00CD14E9 /* Products */ = {
			isa = PBXGroup;
			children = (
				1221690928007B7C00CD14E9 /* san_zhuang_quan_zhan.app */,
			);
			name = Products;
			sourceTree = "<group>";
		};
		1221690B28007B7C00CD14E9 /* san_zhuang_quan_zhan */ = {
			isa = PBXGroup;
			children = (
				12AA585928251B4A0034F713 /* Delegate */,
				12AA58582824DE460034F713 /* Login */,
				122169332804479500CD14E9 /* Product */,
				12AA5A3728253AB70034F713 /* Administrator */,
				12AA5A3928253AE50034F713 /* User */,
				12AA58552824DDB00034F713 /* Mine */,
				127B8DB52804613100A4FBEE /* API */,
				12216935280447C300CD14E9 /* Model */,
				123B1CB128072F9B00EB894B /* Extension */,
				12E45B6C28256E56000A0331 /* Info.plist */,
				1221691528007B7E00CD14E9 /* Assets.xcassets */,
				12CAEAAC2825839D00595DCE /* Assets.xcassets */,
				1221691728007B7E00CD14E9 /* LaunchScreen.storyboard */,
				12B92CA92825542B00B5D51E /* Model.xcdatamodeld */,
			);
			path = san_zhuang_quan_zhan;
			sourceTree = "<group>";
		};
		122169332804479500CD14E9 /* Product */ = {
			isa = PBXGroup;
			children = (
				12AA5A2F2825355C0034F713 /* ProductList */,
				12AA5A30282535680034F713 /* ProductDetail */,
			);
			path = Product;
			sourceTree = "<group>";
		};
		12216935280447C300CD14E9 /* Model */ = {
			isa = PBXGroup;
			children = (
				1221692228007D0600CD14E9 /* Product.swift */,
			);
			path = Model;
			sourceTree = "<group>";
		};
		123B1CB128072F9B00EB894B /* Extension */ = {
			isa = PBXGroup;
			children = (
				123B1CB228072F9B00EB894B /* UIColorExtension.swift */,
			);
			path = Extension;
			sourceTree = "<group>";
		};
		127B8DB52804613100A4FBEE /* API */ = {
			isa = PBXGroup;
			children = (
				127B8DB328045FB800A4FBEE /* NetworkAPI.swift */,
			);
			path = API;
			sourceTree = "<group>";
		};
		12AA58552824DDB00034F713 /* Mine */ = {
			isa = PBXGroup;
			children = (
				1200398128068E8000614275 /* MineVC.swift */,
				12AA5A31282535B20034F713 /* Memorandum */,
				1200397B2806892600614275 /* component */,
			);
			path = Mine;
			sourceTree = "<group>";
		};
		12AA58562824DE130034F713 /* Conduct */ = {
			isa = PBXGroup;
			children = (
				1221692C2803F00000CD14E9 /* ConductVC.swift */,
				1221692A2803EF2A00CD14E9 /* ConductCell.swift */,
			);
			path = Conduct;
			sourceTree = "<group>";
		};
		12AA58572824DE290034F713 /* Examine */ = {
			isa = PBXGroup;
			children = (
				122169372804487300CD14E9 /* ExamineVC.swift */,
				120039792805C6F500614275 /* ExamineListCell.swift */,
			);
			path = Examine;
			sourceTree = "<group>";
		};
		12AA58582824DE460034F713 /* Login */ = {
			isa = PBXGroup;
			children = (
				123B1CAF28072F4600EB894B /* LoginVC.swift */,
				12834E31281A66B500EC5BC2 /* RegisterVC.swift */,
				C66FAC5C2809BA1900608531 /* Util */,
			);
			path = Login;
			sourceTree = "<group>";
		};
		12AA585928251B4A0034F713 /* Delegate */ = {
			isa = PBXGroup;
			children = (
				1221690E28007B7C00CD14E9 /* SceneDelegate.swift */,
				1221690C28007B7C00CD14E9 /* AppDelegate.swift */,
			);
			path = Delegate;
			sourceTree = "<group>";
		};
		12AA5A2F2825355C0034F713 /* ProductList */ = {
			isa = PBXGroup;
			children = (
				1221691028007B7C00CD14E9 /* ProductListVC.swift */,
				122169282802CC2000CD14E9 /* ProductListCell.swift */,
				124056622806C9D00046931B /* BannerView.swift */,
				1221692428007E9100CD14E9 /* RatingView.swift */,
			);
			path = ProductList;
			sourceTree = "<group>";
		};
		12AA5A30282535680034F713 /* ProductDetail */ = {
			isa = PBXGroup;
			children = (
				12834E33281ACF5200EC5BC2 /* ProductDetailVC.swift */,
				12834E3F281D97FF00EC5BC2 /* CycleView.swift */,
				12834E3D281D96E200EC5BC2 /* ProductView.swift */,
			);
			path = ProductDetail;
			sourceTree = "<group>";
		};
		12AA5A31282535B20034F713 /* Memorandum */ = {
			isa = PBXGroup;
			children = (
				12B92CA12825524B00B5D51E /* ViewController.swift */,
				124316B22823DC1600DBB48C /* MemorandumVC.swift */,
				124316B42823FBD300DBB48C /* AddItemVC.swift */,
				124316B62823FF7800DBB48C /* AddItemCell.swift */,
			);
			path = Memorandum;
			sourceTree = "<group>";
		};
		12AA5A342825377F0034F713 /* UploadProduct */ = {
			isa = PBXGroup;
			children = (
				12AA5A35282537B60034F713 /* UploadProductVC.swift */,
			);
			path = UploadProduct;
			sourceTree = "<group>";
		};
		12AA5A3728253AB70034F713 /* Administrator */ = {
			isa = PBXGroup;
			children = (
				12AA5A3828253AD30034F713 /* TabBarController */,
				12AA58572824DE290034F713 /* Examine */,
				12AA58562824DE130034F713 /* Conduct */,
			);
			path = Administrator;
			sourceTree = "<group>";
		};
		12AA5A3828253AD30034F713 /* TabBarController */ = {
			isa = PBXGroup;
			children = (
				1221693028043C7F00CD14E9 /* AdministratorTBC.swift */,
			);
			path = TabBarController;
			sourceTree = "<group>";
		};
		12AA5A3928253AE50034F713 /* User */ = {
			isa = PBXGroup;
			children = (
				12AA5A3A28253B030034F713 /* TabBarController */,
				12AA5A342825377F0034F713 /* UploadProduct */,
				12AA5A3B28253B3E0034F713 /* Order */,
			);
			path = User;
			sourceTree = "<group>";
		};
		12AA5A3A28253B030034F713 /* TabBarController */ = {
			isa = PBXGroup;
			children = (
				12AA5A322825367C0034F713 /* UserTBC.swift */,
			);
			path = TabBarController;
			sourceTree = "<group>";
		};
		12AA5A3B28253B3E0034F713 /* Order */ = {
			isa = PBXGroup;
			children = (
				12AA5A3C28253B930034F713 /* OrderVC.swift */,
			);
			path = Order;
			sourceTree = "<group>";
		};
		A2CAD71F7259DAB7EEBB607E /* Pods */ = {
			isa = PBXGroup;
			children = (
				FB669F141AB339700A4F967F /* Pods-san_zhuang_quan_zhan.debug.xcconfig */,
				4F000749F4CBFF2229DBAB11 /* Pods-san_zhuang_quan_zhan.release.xcconfig */,
			);
			path = Pods;
			sourceTree = "<group>";
		};
		C66FAC5C2809BA1900608531 /* Util */ = {
			isa = PBXGroup;
			children = (
				C66FAC5D2809BA6D00608531 /* VerifyView.swift */,
			);
			name = Util;
			path = ..;
			sourceTree = "<group>";
		};
		FBAB92BBBF24427DBFB8BDCC /* Frameworks */ = {
			isa = PBXGroup;
			children = (
				40AB532B23FECC9086EE4B5E /* Pods_san_zhuang_quan_zhan.framework */,
			);
			name = Frameworks;
			sourceTree = "<group>";
		};
/* End PBXGroup section */

/* Begin PBXNativeTarget section */
		1221690828007B7C00CD14E9 /* san_zhuang_quan_zhan */ = {
			isa = PBXNativeTarget;
			buildConfigurationList = 1221691D28007B7E00CD14E9 /* Build configuration list for PBXNativeTarget "san_zhuang_quan_zhan" */;
			buildPhases = (
				42699B5CDF80A7281A12E339 /* [CP] Check Pods Manifest.lock */,
				1221690528007B7C00CD14E9 /* Sources */,
				1221690628007B7C00CD14E9 /* Frameworks */,
				1221690728007B7C00CD14E9 /* Resources */,
				372D2C31DB87D41F5E96035E /* [CP] Embed Pods Frameworks */,
			);
			buildRules = (
			);
			dependencies = (
			);
			name = san_zhuang_quan_zhan;
			productName = san_zhuang_quan_zhan;
			productReference = 1221690928007B7C00CD14E9 /* san_zhuang_quan_zhan.app */;
			productType = "com.apple.product-type.application";
		};
/* End PBXNativeTarget section */

/* Begin PBXProject section */
		1221690128007B7C00CD14E9 /* Project object */ = {
			isa = PBXProject;
			attributes = {
				BuildIndependentTargetsInParallel = 1;
				LastSwiftUpdateCheck = 1330;
				LastUpgradeCheck = 1330;
				TargetAttributes = {
					1221690828007B7C00CD14E9 = {
						CreatedOnToolsVersion = 13.3;
					};
				};
			};
			buildConfigurationList = 1221690428007B7C00CD14E9 /* Build configuration list for PBXProject "san_zhuang_quan_zhan" */;
			compatibilityVersion = "Xcode 13.0";
			developmentRegion = en;
			hasScannedForEncodings = 0;
			knownRegions = (
				en,
				Base,
			);
			mainGroup = 1221690028007B7C00CD14E9;
			productRefGroup = 1221690A28007B7C00CD14E9 /* Products */;
			projectDirPath = "";
			projectRoot = "";
			targets = (
				1221690828007B7C00CD14E9 /* san_zhuang_quan_zhan */,
			);
		};
/* End PBXProject section */

/* Begin PBXResourcesBuildPhase section */
		1221690728007B7C00CD14E9 /* Resources */ = {
			isa = PBXResourcesBuildPhase;
			buildActionMask = 2147483647;
			files = (
				12CAEAAD2825839D00595DCE /* Assets.xcassets in Resources */,
			);
			runOnlyForDeploymentPostprocessing = 0;
		};
/* End PBXResourcesBuildPhase section */

/* Begin PBXShellScriptBuildPhase section */
		372D2C31DB87D41F5E96035E /* [CP] Embed Pods Frameworks */ = {
			isa = PBXShellScriptBuildPhase;
			buildActionMask = 2147483647;
			files = (
			);
			inputFileListPaths = (
				"${PODS_ROOT}/Target Support Files/Pods-san_zhuang_quan_zhan/Pods-san_zhuang_quan_zhan-frameworks-${CONFIGURATION}-input-files.xcfilelist",
			);
			name = "[CP] Embed Pods Frameworks";
			outputFileListPaths = (
				"${PODS_ROOT}/Target Support Files/Pods-san_zhuang_quan_zhan/Pods-san_zhuang_quan_zhan-frameworks-${CONFIGURATION}-output-files.xcfilelist",
			);
			runOnlyForDeploymentPostprocessing = 0;
			shellPath = /bin/sh;
			shellScript = "\"${PODS_ROOT}/Target Support Files/Pods-san_zhuang_quan_zhan/Pods-san_zhuang_quan_zhan-frameworks.sh\"\n";
			showEnvVarsInLog = 0;
		};
		42699B5CDF80A7281A12E339 /* [CP] Check Pods Manifest.lock */ = {
			isa = PBXShellScriptBuildPhase;
			buildActionMask = 2147483647;
			files = (
			);
			inputFileListPaths = (
			);
			inputPaths = (
				"${PODS_PODFILE_DIR_PATH}/Podfile.lock",
				"${PODS_ROOT}/Manifest.lock",
			);
			name = "[CP] Check Pods Manifest.lock";
			outputFileListPaths = (
			);
			outputPaths = (
				"$(DERIVED_FILE_DIR)/Pods-san_zhuang_quan_zhan-checkManifestLockResult.txt",
			);
			runOnlyForDeploymentPostprocessing = 0;
			shellPath = /bin/sh;
			shellScript = "diff \"${PODS_PODFILE_DIR_PATH}/Podfile.lock\" \"${PODS_ROOT}/Manifest.lock\" > /dev/null\nif [ $? != 0 ] ; then\n    # print error to STDERR\n    echo \"error: The sandbox is not in sync with the Podfile.lock. Run 'pod install' or update your CocoaPods installation.\" >&2\n    exit 1\nfi\n# This output is used by Xcode 'outputs' to avoid re-running this script phase.\necho \"SUCCESS\" > \"${SCRIPT_OUTPUT_FILE_0}\"\n";
			showEnvVarsInLog = 0;
		};
/* End PBXShellScriptBuildPhase section */

/* Begin PBXSourcesBuildPhase section */
		1221690528007B7C00CD14E9 /* Sources */ = {
			isa = PBXSourcesBuildPhase;
			buildActionMask = 2147483647;
			files = (
				1221691128007B7C00CD14E9 /* ProductListVC.swift in Sources */,
				12834E3C281D91A300EC5BC2 /* CommentListCell.swift in Sources */,
				1221692328007D0600CD14E9 /* Product.swift in Sources */,
				124316B52823FBD300DBB48C /* AddItemVC.swift in Sources */,
				1200397D2806895300614275 /* CommonCell.swift in Sources */,
				1200398228068E8000614275 /* MineVC.swift in Sources */,
				123B1CB028072F4600EB894B /* LoginVC.swift in Sources */,
				123B1CB328072F9C00EB894B /* UIColorExtension.swift in Sources */,
				1221690D28007B7C00CD14E9 /* AppDelegate.swift in Sources */,
				12B92CA22825524B00B5D51E /* ViewController.swift in Sources */,
				124056632806C9D00046931B /* BannerView.swift in Sources */,
				1200397A2805C6F500614275 /* ExamineListCell.swift in Sources */,
				12834E32281A66B500EC5BC2 /* RegisterVC.swift in Sources */,
				1221692D2803F00000CD14E9 /* ConductVC.swift in Sources */,
				1221692528007E9100CD14E9 /* RatingView.swift in Sources */,
				1221690F28007B7C00CD14E9 /* SceneDelegate.swift in Sources */,
				124316B72823FF7800DBB48C /* AddItemCell.swift in Sources */,
				12834E34281ACF5200EC5BC2 /* ProductDetailVC.swift in Sources */,
				12834E40281D97FF00EC5BC2 /* CycleView.swift in Sources */,
				12834E3E281D96E200EC5BC2 /* ProductView.swift in Sources */,
				12B92CAB2825542B00B5D51E /* Model.xcdatamodeld in Sources */,
				12AA5A3D28253B930034F713 /* OrderVC.swift in Sources */,
				122169382804487300CD14E9 /* ExamineVC.swift in Sources */,
				12AA5A332825367C0034F713 /* UserTBC.swift in Sources */,
				12AA5A36282537B60034F713 /* UploadProductVC.swift in Sources */,
				C66FAC5E2809BA6D00608531 /* VerifyView.swift in Sources */,
				1221692B2803EF2A00CD14E9 /* ConductCell.swift in Sources */,
				1221693128043C7F00CD14E9 /* AdministratorTBC.swift in Sources */,
				122169292802CC2000CD14E9 /* ProductListCell.swift in Sources */,
				127B8DB428045FB800A4FBEE /* NetworkAPI.swift in Sources */,
				124316B32823DC1600DBB48C /* MemorandumVC.swift in Sources */,
			);
			runOnlyForDeploymentPostprocessing = 0;
		};
/* End PBXSourcesBuildPhase section */

/* Begin PBXVariantGroup section */
		1221691728007B7E00CD14E9 /* LaunchScreen.storyboard */ = {
			isa = PBXVariantGroup;
			children = (
				1221691828007B7E00CD14E9 /* Base */,
			);
			name = LaunchScreen.storyboard;
			sourceTree = "<group>";
		};
/* End PBXVariantGroup section */

/* Begin XCBuildConfiguration section */
		1221691B28007B7E00CD14E9 /* Debug */ = {
			isa = XCBuildConfiguration;
			buildSettings = {
				ALWAYS_SEARCH_USER_PATHS = NO;
				CLANG_ANALYZER_NONNULL = YES;
				CLANG_ANALYZER_NUMBER_OBJECT_CONVERSION = YES_AGGRESSIVE;
				CLANG_CXX_LANGUAGE_STANDARD = "gnu++17";
				CLANG_ENABLE_MODULES = YES;
				CLANG_ENABLE_OBJC_ARC = YES;
				CLANG_ENABLE_OBJC_WEAK = YES;
				CLANG_WARN_BLOCK_CAPTURE_AUTORELEASING = YES;
				CLANG_WARN_BOOL_CONVERSION = YES;
				CLANG_WARN_COMMA = YES;
				CLANG_WARN_CONSTANT_CONVERSION = YES;
				CLANG_WARN_DEPRECATED_OBJC_IMPLEMENTATIONS = YES;
				CLANG_WARN_DIRECT_OBJC_ISA_USAGE = YES_ERROR;
				CLANG_WARN_DOCUMENTATION_COMMENTS = YES;
				CLANG_WARN_EMPTY_BODY = YES;
				CLANG_WARN_ENUM_CONVERSION = YES;
				CLANG_WARN_INFINITE_RECURSION = YES;
				CLANG_WARN_INT_CONVERSION = YES;
				CLANG_WARN_NON_LITERAL_NULL_CONVERSION = YES;
				CLANG_WARN_OBJC_IMPLICIT_RETAIN_SELF = YES;
				CLANG_WARN_OBJC_LITERAL_CONVERSION = YES;
				CLANG_WARN_OBJC_ROOT_CLASS = YES_ERROR;
				CLANG_WARN_QUOTED_INCLUDE_IN_FRAMEWORK_HEADER = YES;
				CLANG_WARN_RANGE_LOOP_ANALYSIS = YES;
				CLANG_WARN_STRICT_PROTOTYPES = YES;
				CLANG_WARN_SUSPICIOUS_MOVE = YES;
				CLANG_WARN_UNGUARDED_AVAILABILITY = YES_AGGRESSIVE;
				CLANG_WARN_UNREACHABLE_CODE = YES;
				CLANG_WARN__DUPLICATE_METHOD_MATCH = YES;
				COPY_PHASE_STRIP = NO;
				DEBUG_INFORMATION_FORMAT = dwarf;
				ENABLE_STRICT_OBJC_MSGSEND = YES;
				ENABLE_TESTABILITY = YES;
				GCC_C_LANGUAGE_STANDARD = gnu11;
				GCC_DYNAMIC_NO_PIC = NO;
				GCC_NO_COMMON_BLOCKS = YES;
				GCC_OPTIMIZATION_LEVEL = 0;
				GCC_PREPROCESSOR_DEFINITIONS = (
					"DEBUG=1",
					"$(inherited)",
				);
				GCC_WARN_64_TO_32_BIT_CONVERSION = YES;
				GCC_WARN_ABOUT_RETURN_TYPE = YES_ERROR;
				GCC_WARN_UNDECLARED_SELECTOR = YES;
				GCC_WARN_UNINITIALIZED_AUTOS = YES_AGGRESSIVE;
				GCC_WARN_UNUSED_FUNCTION = YES;
				GCC_WARN_UNUSED_VARIABLE = YES;
				IPHONEOS_DEPLOYMENT_TARGET = 15.4;
				MTL_ENABLE_DEBUG_INFO = INCLUDE_SOURCE;
				MTL_FAST_MATH = YES;
				ONLY_ACTIVE_ARCH = YES;
				SDKROOT = iphoneos;
				SWIFT_ACTIVE_COMPILATION_CONDITIONS = DEBUG;
				SWIFT_OPTIMIZATION_LEVEL = "-Onone";
			};
			name = Debug;
		};
		1221691C28007B7E00CD14E9 /* Release */ = {
			isa = XCBuildConfiguration;
			buildSettings = {
				ALWAYS_SEARCH_USER_PATHS = NO;
				CLANG_ANALYZER_NONNULL = YES;
				CLANG_ANALYZER_NUMBER_OBJECT_CONVERSION = YES_AGGRESSIVE;
				CLANG_CXX_LANGUAGE_STANDARD = "gnu++17";
				CLANG_ENABLE_MODULES = YES;
				CLANG_ENABLE_OBJC_ARC = YES;
				CLANG_ENABLE_OBJC_WEAK = YES;
				CLANG_WARN_BLOCK_CAPTURE_AUTORELEASING = YES;
				CLANG_WARN_BOOL_CONVERSION = YES;
				CLANG_WARN_COMMA = YES;
				CLANG_WARN_CONSTANT_CONVERSION = YES;
				CLANG_WARN_DEPRECATED_OBJC_IMPLEMENTATIONS = YES;
				CLANG_WARN_DIRECT_OBJC_ISA_USAGE = YES_ERROR;
				CLANG_WARN_DOCUMENTATION_COMMENTS = YES;
				CLANG_WARN_EMPTY_BODY = YES;
				CLANG_WARN_ENUM_CONVERSION = YES;
				CLANG_WARN_INFINITE_RECURSION = YES;
				CLANG_WARN_INT_CONVERSION = YES;
				CLANG_WARN_NON_LITERAL_NULL_CONVERSION = YES;
				CLANG_WARN_OBJC_IMPLICIT_RETAIN_SELF = YES;
				CLANG_WARN_OBJC_LITERAL_CONVERSION = YES;
				CLANG_WARN_OBJC_ROOT_CLASS = YES_ERROR;
				CLANG_WARN_QUOTED_INCLUDE_IN_FRAMEWORK_HEADER = YES;
				CLANG_WARN_RANGE_LOOP_ANALYSIS = YES;
				CLANG_WARN_STRICT_PROTOTYPES = YES;
				CLANG_WARN_SUSPICIOUS_MOVE = YES;
				CLANG_WARN_UNGUARDED_AVAILABILITY = YES_AGGRESSIVE;
				CLANG_WARN_UNREACHABLE_CODE = YES;
				CLANG_WARN__DUPLICATE_METHOD_MATCH = YES;
				COPY_PHASE_STRIP = NO;
				DEBUG_INFORMATION_FORMAT = "dwarf-with-dsym";
				ENABLE_NS_ASSERTIONS = NO;
				ENABLE_STRICT_OBJC_MSGSEND = YES;
				GCC_C_LANGUAGE_STANDARD = gnu11;
				GCC_NO_COMMON_BLOCKS = YES;
				GCC_WARN_64_TO_32_BIT_CONVERSION = YES;
				GCC_WARN_ABOUT_RETURN_TYPE = YES_ERROR;
				GCC_WARN_UNDECLARED_SELECTOR = YES;
				GCC_WARN_UNINITIALIZED_AUTOS = YES_AGGRESSIVE;
				GCC_WARN_UNUSED_FUNCTION = YES;
				GCC_WARN_UNUSED_VARIABLE = YES;
				IPHONEOS_DEPLOYMENT_TARGET = 15.4;
				MTL_ENABLE_DEBUG_INFO = NO;
				MTL_FAST_MATH = YES;
				SDKROOT = iphoneos;
				SWIFT_COMPILATION_MODE = wholemodule;
				SWIFT_OPTIMIZATION_LEVEL = "-O";
				VALIDATE_PRODUCT = YES;
			};
			name = Release;
		};
		1221691E28007B7E00CD14E9 /* Debug */ = {
			isa = XCBuildConfiguration;
			baseConfigurationReference = FB669F141AB339700A4F967F /* Pods-san_zhuang_quan_zhan.debug.xcconfig */;
			buildSettings = {
				ASSETCATALOG_COMPILER_APPICON_NAME = AppIcon;
				ASSETCATALOG_COMPILER_GLOBAL_ACCENT_COLOR_NAME = AccentColor;
				CODE_SIGN_STYLE = Automatic;
				CURRENT_PROJECT_VERSION = 1;
				DEVELOPMENT_TEAM = MSJ7PQFAFA;
				GENERATE_INFOPLIST_FILE = YES;
				INFOPLIST_FILE = san_zhuang_quan_zhan/Info.plist;
				INFOPLIST_KEY_UIApplicationSupportsIndirectInputEvents = YES;
				INFOPLIST_KEY_UILaunchStoryboardName = LaunchScreen;
				INFOPLIST_KEY_UISupportedInterfaceOrientations = UIInterfaceOrientationPortrait;
				INFOPLIST_KEY_UISupportedInterfaceOrientations_iPad = "UIInterfaceOrientationPortrait UIInterfaceOrientationPortraitUpsideDown UIInterfaceOrientationLandscapeLeft UIInterfaceOrientationLandscapeRight";
				INFOPLIST_KEY_UISupportedInterfaceOrientations_iPhone = "UIInterfaceOrientationPortrait UIInterfaceOrientationLandscapeLeft UIInterfaceOrientationLandscapeRight";
				LD_RUNPATH_SEARCH_PATHS = (
					"$(inherited)",
					"@executable_path/Frameworks",
				);
				MARKETING_VERSION = 1.0;
				PRODUCT_BUNDLE_IDENTIFIER = "com.san-zhuang-quan-zhan.san-zhuang-quan-zhan";
				PRODUCT_NAME = "$(TARGET_NAME)";
				SWIFT_EMIT_LOC_STRINGS = YES;
				SWIFT_VERSION = 5.0;
				TARGETED_DEVICE_FAMILY = 1;
			};
			name = Debug;
		};
		1221691F28007B7E00CD14E9 /* Release */ = {
			isa = XCBuildConfiguration;
			baseConfigurationReference = 4F000749F4CBFF2229DBAB11 /* Pods-san_zhuang_quan_zhan.release.xcconfig */;
			buildSettings = {
				ASSETCATALOG_COMPILER_APPICON_NAME = AppIcon;
				ASSETCATALOG_COMPILER_GLOBAL_ACCENT_COLOR_NAME = AccentColor;
				CODE_SIGN_STYLE = Automatic;
				CURRENT_PROJECT_VERSION = 1;
				DEVELOPMENT_TEAM = MSJ7PQFAFA;
				GENERATE_INFOPLIST_FILE = YES;
				INFOPLIST_FILE = san_zhuang_quan_zhan/Info.plist;
				INFOPLIST_KEY_UIApplicationSupportsIndirectInputEvents = YES;
				INFOPLIST_KEY_UILaunchStoryboardName = LaunchScreen;
				INFOPLIST_KEY_UISupportedInterfaceOrientations = UIInterfaceOrientationPortrait;
				INFOPLIST_KEY_UISupportedInterfaceOrientations_iPad = "UIInterfaceOrientationPortrait UIInterfaceOrientationPortraitUpsideDown UIInterfaceOrientationLandscapeLeft UIInterfaceOrientationLandscapeRight";
				INFOPLIST_KEY_UISupportedInterfaceOrientations_iPhone = "UIInterfaceOrientationPortrait UIInterfaceOrientationLandscapeLeft UIInterfaceOrientationLandscapeRight";
				LD_RUNPATH_SEARCH_PATHS = (
					"$(inherited)",
					"@executable_path/Frameworks",
				);
				MARKETING_VERSION = 1.0;
				PRODUCT_BUNDLE_IDENTIFIER = "com.san-zhuang-quan-zhan.san-zhuang-quan-zhan";
				PRODUCT_NAME = "$(TARGET_NAME)";
				SWIFT_EMIT_LOC_STRINGS = YES;
				SWIFT_VERSION = 5.0;
				TARGETED_DEVICE_FAMILY = 1;
			};
			name = Release;
		};
/* End XCBuildConfiguration section */

/* Begin XCConfigurationList section */
		1221690428007B7C00CD14E9 /* Build configuration list for PBXProject "san_zhuang_quan_zhan" */ = {
			isa = XCConfigurationList;
			buildConfigurations = (
				1221691B28007B7E00CD14E9 /* Debug */,
				1221691C28007B7E00CD14E9 /* Release */,
			);
			defaultConfigurationIsVisible = 0;
			defaultConfigurationName = Release;
		};
		1221691D28007B7E00CD14E9 /* Build configuration list for PBXNativeTarget "san_zhuang_quan_zhan" */ = {
			isa = XCConfigurationList;
			buildConfigurations = (
				1221691E28007B7E00CD14E9 /* Debug */,
				1221691F28007B7E00CD14E9 /* Release */,
			);
			defaultConfigurationIsVisible = 0;
			defaultConfigurationName = Release;
		};
/* End XCConfigurationList section */

/* Begin XCVersionGroup section */
		12B92CA92825542B00B5D51E /* Model.xcdatamodeld */ = {
			isa = XCVersionGroup;
			children = (
				12B92CAA2825542B00B5D51E /* Model.xcdatamodel */,
			);
			currentVersion = 12B92CAA2825542B00B5D51E /* Model.xcdatamodel */;
			name = Model.xcdatamodeld;
			path = "../../30-swiftDemo-master/CoreDataAppDemo/CoreDataAppDemo/Model.xcdatamodeld";
			sourceTree = "<group>";
			versionGroupType = wrapper.xcdatamodel;
		};
/* End XCVersionGroup section */
	};
	rootObject = 1221690128007B7C00CD14E9 /* Project object */;
}
